
Microsoft Visual Studio Solution File, Format Version 12.00
# Visual Studio Version 16
VisualStudioVersion = 16.0.30114.105
MinimumVisualStudioVersion = 10.0.40219.1
Project("{FAE04EC0-301F-11D3-BF4B-00C04F79EFBC}") = "Balloon", "Balloon\Balloon.csproj", "{DB6672E0-88DC-4627-A6F7-C057DAD494F4}"
EndProject
Project("{FAE04EC0-301F-11D3-BF4B-00C04F79EFBC}") = "Schematic", "Schematic\Schematic.csproj", "{62E2152A-0316-4966-BA17-08D846223FD3}"
EndProject
Project("{FAE04EC0-301F-11D3-BF4B-00C04F79EFBC}") = "Panel", "Panel\Panel.csproj", "{D1C0153D-08BB-4A7F-8B42-3D92811678CE}"
EndProject
Project("{FAE04EC0-301F-11D3-BF4B-00C04F79EFBC}") = "AutoCAD", "AutoCAD\AutoCAD.csproj", "{FBB7192A-A07F-4017-9F9C-984C7B7C6843}"
EndProject
Project("{FAE04EC0-301F-11D3-BF4B-00C04F79EFBC}") = "AutoCAD.Adapter.Controls", "AutoCAD.Adapter.Controls\AutoCAD.Adapter.Controls.csproj", "{2983AAA5-E4F4-41C3-99D0-936497DEF141}"
EndProject
Project("{FAE04EC0-301F-11D3-BF4B-00C04F79EFBC}") = "AutoCAD.Adapter", "AutoCAD.Adapter\AutoCAD.Adapter.csproj", "{E318C1C8-25FE-4EA0-B2FC-D9B3D27C24CE}"
EndProject
Project("{FAE04EC0-301F-11D3-BF4B-00C04F79EFBC}") = "AutoCAD.Adapter.Windows", "AutoCAD.Adapter.Windows\AutoCAD.Adapter.Windows.csproj", "{88A9421B-73D7-4CF8-8916-1C9046EE0E88}"
EndProject
Project("{FAE04EC0-301F-11D3-BF4B-00C04F79EFBC}") = "AutoCAD.Adapter.Windows.Tests", "AutoCAD.Adapter.Windows.Tests\AutoCAD.Adapter.Windows.Tests.csproj", "{5E9EB276-999C-4603-8F6A-8C1E247E02CF}"
EndProject
Project("{9A19103F-16F7-4668-BE54-9A1E7A4F7556}") = "QuickTest", "QuickTest\QuickTest.csproj", "{BD6D2376-5EDA-4CD0-9AFE-40CAD1164DE8}"
EndProject
Project("{9A19103F-16F7-4668-BE54-9A1E7A4F7556}") = "AutoCAD.Directories", "Paths\AutoCAD.Directories.csproj", "{9D9146D7-4E50-4B73-9B1D-C4E2EC3B7EF7}"
EndProject
Global
	GlobalSection(SolutionConfigurationPlatforms) = preSolution
		Debug|Any CPU = Debug|Any CPU
		Release|Any CPU = Release|Any CPU
	EndGlobalSection
	GlobalSection(ProjectConfigurationPlatforms) = postSolution
		{DB6672E0-88DC-4627-A6F7-C057DAD494F4}.Debug|Any CPU.ActiveCfg = Debug|Any CPU
		{DB6672E0-88DC-4627-A6F7-C057DAD494F4}.Debug|Any CPU.Build.0 = Debug|Any CPU
		{DB6672E0-88DC-4627-A6F7-C057DAD494F4}.Release|Any CPU.ActiveCfg = Release|Any CPU
		{DB6672E0-88DC-4627-A6F7-C057DAD494F4}.Release|Any CPU.Build.0 = Release|Any CPU
		{62E2152A-0316-4966-BA17-08D846223FD3}.Debug|Any CPU.ActiveCfg = Debug|Any CPU
		{62E2152A-0316-4966-BA17-08D846223FD3}.Debug|Any CPU.Build.0 = Debug|Any CPU
		{62E2152A-0316-4966-BA17-08D846223FD3}.Release|Any CPU.ActiveCfg = Release|Any CPU
		{62E2152A-0316-4966-BA17-08D846223FD3}.Release|Any CPU.Build.0 = Release|Any CPU
		{D1C0153D-08BB-4A7F-8B42-3D92811678CE}.Debug|Any CPU.ActiveCfg = Debug|Any CPU
		{D1C0153D-08BB-4A7F-8B42-3D92811678CE}.Debug|Any CPU.Build.0 = Debug|Any CPU
		{D1C0153D-08BB-4A7F-8B42-3D92811678CE}.Release|Any CPU.ActiveCfg = Release|Any CPU
		{D1C0153D-08BB-4A7F-8B42-3D92811678CE}.Release|Any CPU.Build.0 = Release|Any CPU
		{FBB7192A-A07F-4017-9F9C-984C7B7C6843}.Debug|Any CPU.ActiveCfg = Debug|Any CPU
		{FBB7192A-A07F-4017-9F9C-984C7B7C6843}.Debug|Any CPU.Build.0 = Debug|Any CPU
		{FBB7192A-A07F-4017-9F9C-984C7B7C6843}.Release|Any CPU.ActiveCfg = Release|Any CPU
		{FBB7192A-A07F-4017-9F9C-984C7B7C6843}.Release|Any CPU.Build.0 = Release|Any CPU
		{2983AAA5-E4F4-41C3-99D0-936497DEF141}.Debug|Any CPU.ActiveCfg = Debug|Any CPU
		{2983AAA5-E4F4-41C3-99D0-936497DEF141}.Debug|Any CPU.Build.0 = Debug|Any CPU
		{2983AAA5-E4F4-41C3-99D0-936497DEF141}.Release|Any CPU.ActiveCfg = Release|Any CPU
		{2983AAA5-E4F4-41C3-99D0-936497DEF141}.Release|Any CPU.Build.0 = Release|Any CPU
		{E318C1C8-25FE-4EA0-B2FC-D9B3D27C24CE}.Debug|Any CPU.ActiveCfg = Debug|Any CPU
		{E318C1C8-25FE-4EA0-B2FC-D9B3D27C24CE}.Debug|Any CPU.Build.0 = Debug|Any CPU
		{E318C1C8-25FE-4EA0-B2FC-D9B3D27C24CE}.Release|Any CPU.ActiveCfg = Release|Any CPU
		{E318C1C8-25FE-4EA0-B2FC-D9B3D27C24CE}.Release|Any CPU.Build.0 = Release|Any CPU
		{88A9421B-73D7-4CF8-8916-1C9046EE0E88}.Debug|Any CPU.ActiveCfg = Debug|Any CPU
		{88A9421B-73D7-4CF8-8916-1C9046EE0E88}.Debug|Any CPU.Build.0 = Debug|Any CPU
		{88A9421B-73D7-4CF8-8916-1C9046EE0E88}.Release|Any CPU.ActiveCfg = Release|Any CPU
		{88A9421B-73D7-4CF8-8916-1C9046EE0E88}.Release|Any CPU.Build.0 = Release|Any CPU
		{5E9EB276-999C-4603-8F6A-8C1E247E02CF}.Debug|Any CPU.ActiveCfg = Debug|Any CPU
		{5E9EB276-999C-4603-8F6A-8C1E247E02CF}.Debug|Any CPU.Build.0 = Debug|Any CPU
		{5E9EB276-999C-4603-8F6A-8C1E247E02CF}.Release|Any CPU.ActiveCfg = Release|Any CPU
		{5E9EB276-999C-4603-8F6A-8C1E247E02CF}.Release|Any CPU.Build.0 = Release|Any CPU
		{BD6D2376-5EDA-4CD0-9AFE-40CAD1164DE8}.Debug|Any CPU.ActiveCfg = Debug|Any CPU
		{BD6D2376-5EDA-4CD0-9AFE-40CAD1164DE8}.Debug|Any CPU.Build.0 = Debug|Any CPU
		{BD6D2376-5EDA-4CD0-9AFE-40CAD1164DE8}.Release|Any CPU.ActiveCfg = Release|Any CPU
		{BD6D2376-5EDA-4CD0-9AFE-40CAD1164DE8}.Release|Any CPU.Build.0 = Release|Any CPU
		{9D9146D7-4E50-4B73-9B1D-C4E2EC3B7EF7}.Debug|Any CPU.ActiveCfg = Debug|Any CPU
		{9D9146D7-4E50-4B73-9B1D-C4E2EC3B7EF7}.Debug|Any CPU.Build.0 = Debug|Any CPU
		{9D9146D7-4E50-4B73-9B1D-C4E2EC3B7EF7}.Release|Any CPU.ActiveCfg = Release|Any CPU
		{9D9146D7-4E50-4B73-9B1D-C4E2EC3B7EF7}.Release|Any CPU.Build.0 = Release|Any CPU
	EndGlobalSection
	GlobalSection(SolutionProperties) = preSolution
		HideSolutionNode = FALSE
	EndGlobalSection
	GlobalSection(ExtensibilityGlobals) = postSolution
		SolutionGuid = {EA49190E-AE40-430E-81FD-F4268ADC3207}
	EndGlobalSection
EndGlobal
