
Microsoft Visual Studio Solution File, Format Version 12.00
# Visual Studio Version 16
VisualStudioVersion = 16.0.30114.105
MinimumVisualStudioVersion = 10.0.40219.1
Project("{FAE04EC0-301F-11D3-BF4B-00C04F79EFBC}") = "Balloon", "Balloon\Balloon.csproj", "{DB6672E0-88DC-4627-A6F7-C057DAD494F4}"
EndProject
Project("{FAE04EC0-301F-11D3-BF4B-00C04F79EFBC}") = "Schematic", "Schematic\Schematic.csproj", "{62E2152A-0316-4966-BA17-08D846223FD3}"
EndProject
Project("{FAE04EC0-301F-11D3-BF4B-00C04F79EFBC}") = "Panel", "Panel\Panel.csproj", "{D1C0153D-08BB-4A7F-8B42-3D92811678CE}"
EndProject
Project("{FAE04EC0-301F-11D3-BF4B-00C04F79EFBC}") = "AutoCAD", "AutoCAD\AutoCAD.csproj", "{FBB7192A-A07F-4017-9F9C-984C7B7C6843}"
EndProject
Project("{FAE04EC0-301F-11D3-BF4B-00C04F79EFBC}") = "AutoCAD.Adapter.Controls", "AutoCAD.Adapter.Controls\AutoCAD.Adapter.Controls.csproj", "{2983AAA5-E4F4-41C3-99D0-936497DEF141}"
EndProject
Project("{FAE04EC0-301F-11D3-BF4B-00C04F79EFBC}") = "AutoCAD.Adapter", "AutoCAD.Adapter\AutoCAD.Adapter.csproj", "{E318C1C8-25FE-4EA0-B2FC-D9B3D27C24CE}"
EndProject
Project("{FAE04EC0-301F-11D3-BF4B-00C04F79EFBC}") = "AutoCAD.Adapter.Windows", "AutoCAD.Adapter.Windows\AutoCAD.Adapter.Windows.csproj", "{88A9421B-73D7-4CF8-8916-1C9046EE0E88}"
EndProject
Project("{FAE04EC0-301F-11D3-BF4B-00C04F79EFBC}") = "AutoCAD.Adapter.Windows.Tests", "AutoCAD.Adapter.Windows.Tests\AutoCAD.Adapter.Windows.Tests.csproj", "{5E9EB276-999C-4603-8F6A-8C1E247E02CF}"
EndProject
Project("{9A19103F-16F7-4668-BE54-9A1E7A4F7556}") = "QuickTest .NET 5.0", "QuickTest\QuickTest .NET 5.0.csproj", "{BD6D2376-5EDA-4CD0-9AFE-40CAD1164DE8}"
EndProject
Project("{FAE04EC0-301F-11D3-BF4B-00C04F79EFBC}") = "AutoCAD.IO", "AutoCAD.IO\AutoCAD.IO.csproj", "{68D45FA7-FBB1-4754-A8A6-0B2A56084E0E}"
EndProject
Project("{FAE04EC0-301F-11D3-BF4B-00C04F79EFBC}") = "Quick Test .NET Framework 4.8", "Quick Test .NET Framework 4.8\Quick Test .NET Framework 4.8.csproj", "{DE608D84-27F9-4B2B-AFFB-935B0F7589D5}"
EndProject
Project("{9A19103F-16F7-4668-BE54-9A1E7A4F7556}") = "AutoCAD.IO .NET 5", "AutoCAD.IO .NET 5\AutoCAD.IO .NET 5.csproj", "{4A58EB8F-BABE-4DFA-83B0-B0FB7A917870}"
EndProject
Project("{8BC9CEB8-8B4A-11D0-8D11-00A0C91BC942}") = "AutoCAD.Resources.Dark", "AutoCAD.Resources.Dark\AutoCAD.Resources.Dark.vcxproj", "{BD6EB755-EBC5-4F9B-B013-0FE9610D2065}"
EndProject
Project("{8BC9CEB8-8B4A-11D0-8D11-00A0C91BC942}") = "AutoCAD.Resources.Light", "AutoCAD.Resources.Light\AutoCAD.Resources.Light.vcxproj", "{0669EFAB-F18C-4395-984D-05A514849EDA}"
EndProject
Project("{2150E333-8FDC-42A3-9474-1A3956D46DE8}") = "Solution Items", "Solution Items", "{14995F4E-4939-44D2-80AB-35215D6286A3}"
	ProjectSection(SolutionItems) = preProject
		.editorconfig = .editorconfig
	EndProjectSection
EndProject
Global
	GlobalSection(SolutionConfigurationPlatforms) = preSolution
		Debug|Any CPU = Debug|Any CPU
		Debug|x64 = Debug|x64
		Debug|x86 = Debug|x86
		Release|Any CPU = Release|Any CPU
		Release|x64 = Release|x64
		Release|x86 = Release|x86
	EndGlobalSection
	GlobalSection(ProjectConfigurationPlatforms) = postSolution
		{DB6672E0-88DC-4627-A6F7-C057DAD494F4}.Debug|Any CPU.ActiveCfg = Debug|Any CPU
		{DB6672E0-88DC-4627-A6F7-C057DAD494F4}.Debug|Any CPU.Build.0 = Debug|Any CPU
		{DB6672E0-88DC-4627-A6F7-C057DAD494F4}.Debug|x64.ActiveCfg = Debug|Any CPU
		{DB6672E0-88DC-4627-A6F7-C057DAD494F4}.Debug|x64.Build.0 = Debug|Any CPU
		{DB6672E0-88DC-4627-A6F7-C057DAD494F4}.Debug|x86.ActiveCfg = Debug|Any CPU
		{DB6672E0-88DC-4627-A6F7-C057DAD494F4}.Debug|x86.Build.0 = Debug|Any CPU
		{DB6672E0-88DC-4627-A6F7-C057DAD494F4}.Release|Any CPU.ActiveCfg = Release|Any CPU
		{DB6672E0-88DC-4627-A6F7-C057DAD494F4}.Release|Any CPU.Build.0 = Release|Any CPU
		{DB6672E0-88DC-4627-A6F7-C057DAD494F4}.Release|x64.ActiveCfg = Release|Any CPU
		{DB6672E0-88DC-4627-A6F7-C057DAD494F4}.Release|x64.Build.0 = Release|Any CPU
		{DB6672E0-88DC-4627-A6F7-C057DAD494F4}.Release|x86.ActiveCfg = Release|Any CPU
		{DB6672E0-88DC-4627-A6F7-C057DAD494F4}.Release|x86.Build.0 = Release|Any CPU
		{62E2152A-0316-4966-BA17-08D846223FD3}.Debug|Any CPU.ActiveCfg = Debug|Any CPU
		{62E2152A-0316-4966-BA17-08D846223FD3}.Debug|Any CPU.Build.0 = Debug|Any CPU
		{62E2152A-0316-4966-BA17-08D846223FD3}.Debug|x64.ActiveCfg = Debug|Any CPU
		{62E2152A-0316-4966-BA17-08D846223FD3}.Debug|x64.Build.0 = Debug|Any CPU
		{62E2152A-0316-4966-BA17-08D846223FD3}.Debug|x86.ActiveCfg = Debug|Any CPU
		{62E2152A-0316-4966-BA17-08D846223FD3}.Debug|x86.Build.0 = Debug|Any CPU
		{62E2152A-0316-4966-BA17-08D846223FD3}.Release|Any CPU.ActiveCfg = Release|Any CPU
		{62E2152A-0316-4966-BA17-08D846223FD3}.Release|Any CPU.Build.0 = Release|Any CPU
		{62E2152A-0316-4966-BA17-08D846223FD3}.Release|x64.ActiveCfg = Release|Any CPU
		{62E2152A-0316-4966-BA17-08D846223FD3}.Release|x64.Build.0 = Release|Any CPU
		{62E2152A-0316-4966-BA17-08D846223FD3}.Release|x86.ActiveCfg = Release|Any CPU
		{62E2152A-0316-4966-BA17-08D846223FD3}.Release|x86.Build.0 = Release|Any CPU
		{D1C0153D-08BB-4A7F-8B42-3D92811678CE}.Debug|Any CPU.ActiveCfg = Debug|Any CPU
		{D1C0153D-08BB-4A7F-8B42-3D92811678CE}.Debug|Any CPU.Build.0 = Debug|Any CPU
		{D1C0153D-08BB-4A7F-8B42-3D92811678CE}.Debug|x64.ActiveCfg = Debug|Any CPU
		{D1C0153D-08BB-4A7F-8B42-3D92811678CE}.Debug|x64.Build.0 = Debug|Any CPU
		{D1C0153D-08BB-4A7F-8B42-3D92811678CE}.Debug|x86.ActiveCfg = Debug|Any CPU
		{D1C0153D-08BB-4A7F-8B42-3D92811678CE}.Debug|x86.Build.0 = Debug|Any CPU
		{D1C0153D-08BB-4A7F-8B42-3D92811678CE}.Release|Any CPU.ActiveCfg = Release|Any CPU
		{D1C0153D-08BB-4A7F-8B42-3D92811678CE}.Release|Any CPU.Build.0 = Release|Any CPU
		{D1C0153D-08BB-4A7F-8B42-3D92811678CE}.Release|x64.ActiveCfg = Release|Any CPU
		{D1C0153D-08BB-4A7F-8B42-3D92811678CE}.Release|x64.Build.0 = Release|Any CPU
		{D1C0153D-08BB-4A7F-8B42-3D92811678CE}.Release|x86.ActiveCfg = Release|Any CPU
		{D1C0153D-08BB-4A7F-8B42-3D92811678CE}.Release|x86.Build.0 = Release|Any CPU
		{FBB7192A-A07F-4017-9F9C-984C7B7C6843}.Debug|Any CPU.ActiveCfg = Debug|Any CPU
		{FBB7192A-A07F-4017-9F9C-984C7B7C6843}.Debug|Any CPU.Build.0 = Debug|Any CPU
		{FBB7192A-A07F-4017-9F9C-984C7B7C6843}.Debug|x64.ActiveCfg = Debug|Any CPU
		{FBB7192A-A07F-4017-9F9C-984C7B7C6843}.Debug|x64.Build.0 = Debug|Any CPU
		{FBB7192A-A07F-4017-9F9C-984C7B7C6843}.Debug|x86.ActiveCfg = Debug|Any CPU
		{FBB7192A-A07F-4017-9F9C-984C7B7C6843}.Debug|x86.Build.0 = Debug|Any CPU
		{FBB7192A-A07F-4017-9F9C-984C7B7C6843}.Release|Any CPU.ActiveCfg = Release|Any CPU
		{FBB7192A-A07F-4017-9F9C-984C7B7C6843}.Release|Any CPU.Build.0 = Release|Any CPU
		{FBB7192A-A07F-4017-9F9C-984C7B7C6843}.Release|x64.ActiveCfg = Release|Any CPU
		{FBB7192A-A07F-4017-9F9C-984C7B7C6843}.Release|x64.Build.0 = Release|Any CPU
		{FBB7192A-A07F-4017-9F9C-984C7B7C6843}.Release|x86.ActiveCfg = Release|Any CPU
		{FBB7192A-A07F-4017-9F9C-984C7B7C6843}.Release|x86.Build.0 = Release|Any CPU
		{2983AAA5-E4F4-41C3-99D0-936497DEF141}.Debug|Any CPU.ActiveCfg = Debug|Any CPU
		{2983AAA5-E4F4-41C3-99D0-936497DEF141}.Debug|Any CPU.Build.0 = Debug|Any CPU
		{2983AAA5-E4F4-41C3-99D0-936497DEF141}.Debug|x64.ActiveCfg = Debug|Any CPU
		{2983AAA5-E4F4-41C3-99D0-936497DEF141}.Debug|x64.Build.0 = Debug|Any CPU
		{2983AAA5-E4F4-41C3-99D0-936497DEF141}.Debug|x86.ActiveCfg = Debug|Any CPU
		{2983AAA5-E4F4-41C3-99D0-936497DEF141}.Debug|x86.Build.0 = Debug|Any CPU
		{2983AAA5-E4F4-41C3-99D0-936497DEF141}.Release|Any CPU.ActiveCfg = Release|Any CPU
		{2983AAA5-E4F4-41C3-99D0-936497DEF141}.Release|Any CPU.Build.0 = Release|Any CPU
		{2983AAA5-E4F4-41C3-99D0-936497DEF141}.Release|x64.ActiveCfg = Release|Any CPU
		{2983AAA5-E4F4-41C3-99D0-936497DEF141}.Release|x64.Build.0 = Release|Any CPU
		{2983AAA5-E4F4-41C3-99D0-936497DEF141}.Release|x86.ActiveCfg = Release|Any CPU
		{2983AAA5-E4F4-41C3-99D0-936497DEF141}.Release|x86.Build.0 = Release|Any CPU
		{E318C1C8-25FE-4EA0-B2FC-D9B3D27C24CE}.Debug|Any CPU.ActiveCfg = Debug|Any CPU
		{E318C1C8-25FE-4EA0-B2FC-D9B3D27C24CE}.Debug|Any CPU.Build.0 = Debug|Any CPU
		{E318C1C8-25FE-4EA0-B2FC-D9B3D27C24CE}.Debug|x64.ActiveCfg = Debug|Any CPU
		{E318C1C8-25FE-4EA0-B2FC-D9B3D27C24CE}.Debug|x64.Build.0 = Debug|Any CPU
		{E318C1C8-25FE-4EA0-B2FC-D9B3D27C24CE}.Debug|x86.ActiveCfg = Debug|Any CPU
		{E318C1C8-25FE-4EA0-B2FC-D9B3D27C24CE}.Debug|x86.Build.0 = Debug|Any CPU
		{E318C1C8-25FE-4EA0-B2FC-D9B3D27C24CE}.Release|Any CPU.ActiveCfg = Release|Any CPU
		{E318C1C8-25FE-4EA0-B2FC-D9B3D27C24CE}.Release|Any CPU.Build.0 = Release|Any CPU
		{E318C1C8-25FE-4EA0-B2FC-D9B3D27C24CE}.Release|x64.ActiveCfg = Release|Any CPU
		{E318C1C8-25FE-4EA0-B2FC-D9B3D27C24CE}.Release|x64.Build.0 = Release|Any CPU
		{E318C1C8-25FE-4EA0-B2FC-D9B3D27C24CE}.Release|x86.ActiveCfg = Release|Any CPU
		{E318C1C8-25FE-4EA0-B2FC-D9B3D27C24CE}.Release|x86.Build.0 = Release|Any CPU
		{88A9421B-73D7-4CF8-8916-1C9046EE0E88}.Debug|Any CPU.ActiveCfg = Debug|Any CPU
		{88A9421B-73D7-4CF8-8916-1C9046EE0E88}.Debug|Any CPU.Build.0 = Debug|Any CPU
		{88A9421B-73D7-4CF8-8916-1C9046EE0E88}.Debug|x64.ActiveCfg = Debug|Any CPU
		{88A9421B-73D7-4CF8-8916-1C9046EE0E88}.Debug|x64.Build.0 = Debug|Any CPU
		{88A9421B-73D7-4CF8-8916-1C9046EE0E88}.Debug|x86.ActiveCfg = Debug|Any CPU
		{88A9421B-73D7-4CF8-8916-1C9046EE0E88}.Debug|x86.Build.0 = Debug|Any CPU
		{88A9421B-73D7-4CF8-8916-1C9046EE0E88}.Release|Any CPU.ActiveCfg = Release|Any CPU
		{88A9421B-73D7-4CF8-8916-1C9046EE0E88}.Release|Any CPU.Build.0 = Release|Any CPU
		{88A9421B-73D7-4CF8-8916-1C9046EE0E88}.Release|x64.ActiveCfg = Release|Any CPU
		{88A9421B-73D7-4CF8-8916-1C9046EE0E88}.Release|x64.Build.0 = Release|Any CPU
		{88A9421B-73D7-4CF8-8916-1C9046EE0E88}.Release|x86.ActiveCfg = Release|Any CPU
		{88A9421B-73D7-4CF8-8916-1C9046EE0E88}.Release|x86.Build.0 = Release|Any CPU
		{5E9EB276-999C-4603-8F6A-8C1E247E02CF}.Debug|Any CPU.ActiveCfg = Debug|Any CPU
		{5E9EB276-999C-4603-8F6A-8C1E247E02CF}.Debug|Any CPU.Build.0 = Debug|Any CPU
		{5E9EB276-999C-4603-8F6A-8C1E247E02CF}.Debug|x64.ActiveCfg = Debug|Any CPU
		{5E9EB276-999C-4603-8F6A-8C1E247E02CF}.Debug|x64.Build.0 = Debug|Any CPU
		{5E9EB276-999C-4603-8F6A-8C1E247E02CF}.Debug|x86.ActiveCfg = Debug|Any CPU
		{5E9EB276-999C-4603-8F6A-8C1E247E02CF}.Debug|x86.Build.0 = Debug|Any CPU
		{5E9EB276-999C-4603-8F6A-8C1E247E02CF}.Release|Any CPU.ActiveCfg = Release|Any CPU
		{5E9EB276-999C-4603-8F6A-8C1E247E02CF}.Release|Any CPU.Build.0 = Release|Any CPU
		{5E9EB276-999C-4603-8F6A-8C1E247E02CF}.Release|x64.ActiveCfg = Release|Any CPU
		{5E9EB276-999C-4603-8F6A-8C1E247E02CF}.Release|x64.Build.0 = Release|Any CPU
		{5E9EB276-999C-4603-8F6A-8C1E247E02CF}.Release|x86.ActiveCfg = Release|Any CPU
		{5E9EB276-999C-4603-8F6A-8C1E247E02CF}.Release|x86.Build.0 = Release|Any CPU
		{BD6D2376-5EDA-4CD0-9AFE-40CAD1164DE8}.Debug|Any CPU.ActiveCfg = Debug|Any CPU
		{BD6D2376-5EDA-4CD0-9AFE-40CAD1164DE8}.Debug|Any CPU.Build.0 = Debug|Any CPU
		{BD6D2376-5EDA-4CD0-9AFE-40CAD1164DE8}.Debug|x64.ActiveCfg = Debug|Any CPU
		{BD6D2376-5EDA-4CD0-9AFE-40CAD1164DE8}.Debug|x64.Build.0 = Debug|Any CPU
		{BD6D2376-5EDA-4CD0-9AFE-40CAD1164DE8}.Debug|x86.ActiveCfg = Debug|Any CPU
		{BD6D2376-5EDA-4CD0-9AFE-40CAD1164DE8}.Debug|x86.Build.0 = Debug|Any CPU
		{BD6D2376-5EDA-4CD0-9AFE-40CAD1164DE8}.Release|Any CPU.ActiveCfg = Release|Any CPU
		{BD6D2376-5EDA-4CD0-9AFE-40CAD1164DE8}.Release|Any CPU.Build.0 = Release|Any CPU
		{BD6D2376-5EDA-4CD0-9AFE-40CAD1164DE8}.Release|x64.ActiveCfg = Release|Any CPU
		{BD6D2376-5EDA-4CD0-9AFE-40CAD1164DE8}.Release|x64.Build.0 = Release|Any CPU
		{BD6D2376-5EDA-4CD0-9AFE-40CAD1164DE8}.Release|x86.ActiveCfg = Release|Any CPU
		{BD6D2376-5EDA-4CD0-9AFE-40CAD1164DE8}.Release|x86.Build.0 = Release|Any CPU
		{68D45FA7-FBB1-4754-A8A6-0B2A56084E0E}.Debug|Any CPU.ActiveCfg = Debug|Any CPU
		{68D45FA7-FBB1-4754-A8A6-0B2A56084E0E}.Debug|Any CPU.Build.0 = Debug|Any CPU
		{68D45FA7-FBB1-4754-A8A6-0B2A56084E0E}.Debug|x64.ActiveCfg = Debug|Any CPU
		{68D45FA7-FBB1-4754-A8A6-0B2A56084E0E}.Debug|x64.Build.0 = Debug|Any CPU
		{68D45FA7-FBB1-4754-A8A6-0B2A56084E0E}.Debug|x86.ActiveCfg = Debug|Any CPU
		{68D45FA7-FBB1-4754-A8A6-0B2A56084E0E}.Debug|x86.Build.0 = Debug|Any CPU
		{68D45FA7-FBB1-4754-A8A6-0B2A56084E0E}.Release|Any CPU.ActiveCfg = Release|Any CPU
		{68D45FA7-FBB1-4754-A8A6-0B2A56084E0E}.Release|Any CPU.Build.0 = Release|Any CPU
		{68D45FA7-FBB1-4754-A8A6-0B2A56084E0E}.Release|x64.ActiveCfg = Release|Any CPU
		{68D45FA7-FBB1-4754-A8A6-0B2A56084E0E}.Release|x64.Build.0 = Release|Any CPU
		{68D45FA7-FBB1-4754-A8A6-0B2A56084E0E}.Release|x86.ActiveCfg = Release|Any CPU
		{68D45FA7-FBB1-4754-A8A6-0B2A56084E0E}.Release|x86.Build.0 = Release|Any CPU
		{DE608D84-27F9-4B2B-AFFB-935B0F7589D5}.Debug|Any CPU.ActiveCfg = Debug|Any CPU
		{DE608D84-27F9-4B2B-AFFB-935B0F7589D5}.Debug|Any CPU.Build.0 = Debug|Any CPU
		{DE608D84-27F9-4B2B-AFFB-935B0F7589D5}.Debug|x64.ActiveCfg = Debug|Any CPU
		{DE608D84-27F9-4B2B-AFFB-935B0F7589D5}.Debug|x64.Build.0 = Debug|Any CPU
		{DE608D84-27F9-4B2B-AFFB-935B0F7589D5}.Debug|x86.ActiveCfg = Debug|Any CPU
		{DE608D84-27F9-4B2B-AFFB-935B0F7589D5}.Debug|x86.Build.0 = Debug|Any CPU
		{DE608D84-27F9-4B2B-AFFB-935B0F7589D5}.Release|Any CPU.ActiveCfg = Release|Any CPU
		{DE608D84-27F9-4B2B-AFFB-935B0F7589D5}.Release|Any CPU.Build.0 = Release|Any CPU
		{DE608D84-27F9-4B2B-AFFB-935B0F7589D5}.Release|x64.ActiveCfg = Release|Any CPU
		{DE608D84-27F9-4B2B-AFFB-935B0F7589D5}.Release|x64.Build.0 = Release|Any CPU
		{DE608D84-27F9-4B2B-AFFB-935B0F7589D5}.Release|x86.ActiveCfg = Release|Any CPU
		{DE608D84-27F9-4B2B-AFFB-935B0F7589D5}.Release|x86.Build.0 = Release|Any CPU
		{4A58EB8F-BABE-4DFA-83B0-B0FB7A917870}.Debug|Any CPU.ActiveCfg = Debug|Any CPU
		{4A58EB8F-BABE-4DFA-83B0-B0FB7A917870}.Debug|Any CPU.Build.0 = Debug|Any CPU
		{4A58EB8F-BABE-4DFA-83B0-B0FB7A917870}.Debug|x64.ActiveCfg = Debug|Any CPU
		{4A58EB8F-BABE-4DFA-83B0-B0FB7A917870}.Debug|x64.Build.0 = Debug|Any CPU
		{4A58EB8F-BABE-4DFA-83B0-B0FB7A917870}.Debug|x86.ActiveCfg = Debug|Any CPU
		{4A58EB8F-BABE-4DFA-83B0-B0FB7A917870}.Debug|x86.Build.0 = Debug|Any CPU
		{4A58EB8F-BABE-4DFA-83B0-B0FB7A917870}.Release|Any CPU.ActiveCfg = Release|Any CPU
		{4A58EB8F-BABE-4DFA-83B0-B0FB7A917870}.Release|Any CPU.Build.0 = Release|Any CPU
		{4A58EB8F-BABE-4DFA-83B0-B0FB7A917870}.Release|x64.ActiveCfg = Release|Any CPU
		{4A58EB8F-BABE-4DFA-83B0-B0FB7A917870}.Release|x64.Build.0 = Release|Any CPU
		{4A58EB8F-BABE-4DFA-83B0-B0FB7A917870}.Release|x86.ActiveCfg = Release|Any CPU
		{4A58EB8F-BABE-4DFA-83B0-B0FB7A917870}.Release|x86.Build.0 = Release|Any CPU
		{BD6EB755-EBC5-4F9B-B013-0FE9610D2065}.Debug|Any CPU.ActiveCfg = Debug|Win32
		{BD6EB755-EBC5-4F9B-B013-0FE9610D2065}.Debug|Any CPU.Build.0 = Debug|Win32
		{BD6EB755-EBC5-4F9B-B013-0FE9610D2065}.Debug|x64.ActiveCfg = Debug|x64
		{BD6EB755-EBC5-4F9B-B013-0FE9610D2065}.Debug|x64.Build.0 = Debug|x64
		{BD6EB755-EBC5-4F9B-B013-0FE9610D2065}.Debug|x86.ActiveCfg = Debug|Win32
		{BD6EB755-EBC5-4F9B-B013-0FE9610D2065}.Debug|x86.Build.0 = Debug|Win32
		{BD6EB755-EBC5-4F9B-B013-0FE9610D2065}.Release|Any CPU.ActiveCfg = Release|Win32
		{BD6EB755-EBC5-4F9B-B013-0FE9610D2065}.Release|x64.ActiveCfg = Release|x64
		{BD6EB755-EBC5-4F9B-B013-0FE9610D2065}.Release|x64.Build.0 = Release|x64
		{BD6EB755-EBC5-4F9B-B013-0FE9610D2065}.Release|x86.ActiveCfg = Release|Win32
		{BD6EB755-EBC5-4F9B-B013-0FE9610D2065}.Release|x86.Build.0 = Release|Win32
		{0669EFAB-F18C-4395-984D-05A514849EDA}.Debug|Any CPU.ActiveCfg = Debug|Win32
		{0669EFAB-F18C-4395-984D-05A514849EDA}.Debug|Any CPU.Build.0 = Debug|Win32
		{0669EFAB-F18C-4395-984D-05A514849EDA}.Debug|x64.ActiveCfg = Debug|x64
		{0669EFAB-F18C-4395-984D-05A514849EDA}.Debug|x64.Build.0 = Debug|x64
		{0669EFAB-F18C-4395-984D-05A514849EDA}.Debug|x86.ActiveCfg = Debug|Win32
		{0669EFAB-F18C-4395-984D-05A514849EDA}.Debug|x86.Build.0 = Debug|Win32
		{0669EFAB-F18C-4395-984D-05A514849EDA}.Release|Any CPU.ActiveCfg = Release|Win32
		{0669EFAB-F18C-4395-984D-05A514849EDA}.Release|x64.ActiveCfg = Release|x64
		{0669EFAB-F18C-4395-984D-05A514849EDA}.Release|x64.Build.0 = Release|x64
		{0669EFAB-F18C-4395-984D-05A514849EDA}.Release|x86.ActiveCfg = Release|Win32
		{0669EFAB-F18C-4395-984D-05A514849EDA}.Release|x86.Build.0 = Release|Win32
	EndGlobalSection
	GlobalSection(SolutionProperties) = preSolution
		HideSolutionNode = FALSE
	EndGlobalSection
	GlobalSection(ExtensibilityGlobals) = postSolution
		SolutionGuid = {EA49190E-AE40-430E-81FD-F4268ADC3207}
	EndGlobalSection
EndGlobal
